
Microsoft Visual Studio Solution File, Format Version 12.00
# Visual Studio 14
VisualStudioVersion = 14.0.25420.1
MinimumVisualStudioVersion = 10.0.40219.1
Project("{FAE04EC0-301F-11D3-BF4B-00C04F79EFBC}") = "APlusB", "Algorithmic Toolbox\APlusB.csproj", "{8BEC7932-062F-413A-AB26-BAA65E450AF9}"
EndProject
Project("{FAE04EC0-301F-11D3-BF4B-00C04F79EFBC}") = "MaxPairwiseProduct", "MaxPairwiseProduct\MaxPairwiseProduct.csproj", "{DDA72565-4C0F-422D-84F9-276DB602F302}"
EndProject
Global
	GlobalSection(SolutionConfigurationPlatforms) = preSolution
		Debug|Any CPU = Debug|Any CPU
		Release|Any CPU = Release|Any CPU
	EndGlobalSection
	GlobalSection(ProjectConfigurationPlatforms) = postSolution
		{8BEC7932-062F-413A-AB26-BAA65E450AF9}.Debug|Any CPU.ActiveCfg = Debug|Any CPU
		{8BEC7932-062F-413A-AB26-BAA65E450AF9}.Debug|Any CPU.Build.0 = Debug|Any CPU
		{8BEC7932-062F-413A-AB26-BAA65E450AF9}.Release|Any CPU.ActiveCfg = Release|Any CPU
		{8BEC7932-062F-413A-AB26-BAA65E450AF9}.Release|Any CPU.Build.0 = Release|Any CPU
		{DDA72565-4C0F-422D-84F9-276DB602F302}.Debug|Any CPU.ActiveCfg = Debug|Any CPU
		{DDA72565-4C0F-422D-84F9-276DB602F302}.Debug|Any CPU.Build.0 = Debug|Any CPU
		{DDA72565-4C0F-422D-84F9-276DB602F302}.Release|Any CPU.ActiveCfg = Release|Any CPU
		{DDA72565-4C0F-422D-84F9-276DB602F302}.Release|Any CPU.Build.0 = Release|Any CPU
	EndGlobalSection
	GlobalSection(SolutionProperties) = preSolution
		HideSolutionNode = FALSE
	EndGlobalSection
EndGlobal
